Microsoft Visual Studio Solution File, Format Version 12.00
# Visual Studio Version 17
VisualStudioVersion = 17.5.2.0
MinimumVisualStudioVersion = 10.0.40219.1
Project("{FAE04EC0-301F-11D3-BF4B-00C04F79EFBC}") = "GruetzeToaster", "GruetzeToaster\GruetzeToaster.csproj", "{F3E9202A-3780-926E-DF2D-DE2299843230}"
EndProject
Global
	GlobalSection(SolutionConfigurationPlatforms) = preSolution
		Debug|Any CPU = Debug|Any CPU
		Release|Any CPU = Release|Any CPU
	EndGlobalSection
	GlobalSection(ProjectConfigurationPlatforms) = postSolution
		{F3E9202A-3780-926E-DF2D-DE2299843230}.Debug|Any CPU.ActiveCfg = Debug|Any CPU
		{F3E9202A-3780-926E-DF2D-DE2299843230}.Debug|Any CPU.Build.0 = Debug|Any CPU
		{F3E9202A-3780-926E-DF2D-DE2299843230}.Release|Any CPU.ActiveCfg = Release|Any CPU
		{F3E9202A-3780-926E-DF2D-DE2299843230}.Release|Any CPU.Build.0 = Release|Any CPU
	EndGlobalSection
	GlobalSection(SolutionProperties) = preSolution
		HideSolutionNode = FALSE
	EndGlobalSection
	GlobalSection(ExtensibilityGlobals) = postSolution
		SolutionGuid = {2ABA93E0-A706-487A-8A47-7B332D2A37ED}
	EndGlobalSection
EndGlobal
